
Microsoft Visual Studio Solution File, Format Version 12.00
# Visual Studio Version 17
VisualStudioVersion = 17.0.31903.59
MinimumVisualStudioVersion = 10.0.40219.1
Project("{2150E333-8FDC-42A3-9474-1A3956D46DE8}") = "src", "src", "{79520F0B-26C2-4A9D-9A5B-93B707999452}"
EndProject
Project("{2150E333-8FDC-42A3-9474-1A3956D46DE8}") = "tests", "tests", "{F298F8C1-2FE3-4489-9549-DA181BBFD9BB}"
EndProject
Project("{FAE04EC0-301F-11D3-BF4B-00C04F79EFBC}") = "Generics.WorkerService", "src\Generics.WorkerService\Generics.WorkerService.csproj", "{52B91152-9547-4621-A1E8-A8385A17A43A}"
EndProject
Project("{FAE04EC0-301F-11D3-BF4B-00C04F79EFBC}") = "Generics.WorkerService.Tests", "tests\Generics.WorkerService.Tests\Generics.WorkerService.Tests.csproj", "{ABC04F84-A7FD-4F72-A32E-FE00E6505429}"
EndProject
Global
	GlobalSection(SolutionConfigurationPlatforms) = preSolution
		Debug|Any CPU = Debug|Any CPU
		Release|Any CPU = Release|Any CPU
	EndGlobalSection
	GlobalSection(ProjectConfigurationPlatforms) = postSolution
		{52B91152-9547-4621-A1E8-A8385A17A43A}.Debug|Any CPU.ActiveCfg = Debug|Any CPU
		{52B91152-9547-4621-A1E8-A8385A17A43A}.Debug|Any CPU.Build.0 = Debug|Any CPU
		{52B91152-9547-4621-A1E8-A8385A17A43A}.Release|Any CPU.ActiveCfg = Release|Any CPU
		{52B91152-9547-4621-A1E8-A8385A17A43A}.Release|Any CPU.Build.0 = Release|Any CPU
		{ABC04F84-A7FD-4F72-A32E-FE00E6505429}.Debug|Any CPU.ActiveCfg = Debug|Any CPU
		{ABC04F84-A7FD-4F72-A32E-FE00E6505429}.Debug|Any CPU.Build.0 = Debug|Any CPU
		{ABC04F84-A7FD-4F72-A32E-FE00E6505429}.Release|Any CPU.ActiveCfg = Release|Any CPU
		{ABC04F84-A7FD-4F72-A32E-FE00E6505429}.Release|Any CPU.Build.0 = Release|Any CPU
	EndGlobalSection
	GlobalSection(SolutionProperties) = preSolution
		HideSolutionNode = FALSE
	EndGlobalSection
	GlobalSection(NestedProjects) = preSolution
		{52B91152-9547-4621-A1E8-A8385A17A43A} = {79520F0B-26C2-4A9D-9A5B-93B707999452}
		{ABC04F84-A7FD-4F72-A32E-FE00E6505429} = {F298F8C1-2FE3-4489-9549-DA181BBFD9BB}
	EndGlobalSection
	GlobalSection(ExtensibilityGlobals) = postSolution
		SolutionGuid = {604D5212-A805-42DD-B46C-F81227FEBC9F}
	EndGlobalSection
EndGlobal
